
Microsoft Visual Studio Solution File, Format Version 12.00
# Visual Studio Version 16
VisualStudioVersion = 16.0.30804.86
MinimumVisualStudioVersion = 10.0.40219.1
Project("{9A19103F-16F7-4668-BE54-9A1E7A4F7556}") = "AmazonProject", "AmazonProject.csproj", "{2FB62C9F-175A-498A-9FAF-40886B3F5981}"
EndProject
Global
	GlobalSection(SolutionConfigurationPlatforms) = preSolution
		Debug|Any CPU = Debug|Any CPU
		Release|Any CPU = Release|Any CPU
	EndGlobalSection
	GlobalSection(ProjectConfigurationPlatforms) = postSolution
		{2FB62C9F-175A-498A-9FAF-40886B3F5981}.Debug|Any CPU.ActiveCfg = Debug|Any CPU
		{2FB62C9F-175A-498A-9FAF-40886B3F5981}.Debug|Any CPU.Build.0 = Debug|Any CPU
		{2FB62C9F-175A-498A-9FAF-40886B3F5981}.Release|Any CPU.ActiveCfg = Release|Any CPU
		{2FB62C9F-175A-498A-9FAF-40886B3F5981}.Release|Any CPU.Build.0 = Release|Any CPU
	EndGlobalSection
	GlobalSection(SolutionProperties) = preSolution
		HideSolutionNode = FALSE
	EndGlobalSection
	GlobalSection(ExtensibilityGlobals) = postSolution
		SolutionGuid = {7A8F7CBD-FADA-43AD-AC58-DF4BBCF75E58}
	EndGlobalSection
EndGlobal
